
Microsoft Visual Studio Solution File, Format Version 12.00
# Visual Studio 15
VisualStudioVersion = 15.0.27004.2005
MinimumVisualStudioVersion = 10.0.40219.1
Project("{FAE04EC0-301F-11D3-BF4B-00C04F79EFBC}") = "p04_MergeFiles", "p04_MergeFiles\p04_MergeFiles.csproj", "{43EE53EF-4C8C-4EDA-A8F5-8A55E54B7B2D}"
EndProject
Global
	GlobalSection(SolutionConfigurationPlatforms) = preSolution
		Debug|Any CPU = Debug|Any CPU
		Release|Any CPU = Release|Any CPU
	EndGlobalSection
	GlobalSection(ProjectConfigurationPlatforms) = postSolution
		{43EE53EF-4C8C-4EDA-A8F5-8A55E54B7B2D}.Debug|Any CPU.ActiveCfg = Debug|Any CPU
		{43EE53EF-4C8C-4EDA-A8F5-8A55E54B7B2D}.Debug|Any CPU.Build.0 = Debug|Any CPU
		{43EE53EF-4C8C-4EDA-A8F5-8A55E54B7B2D}.Release|Any CPU.ActiveCfg = Release|Any CPU
		{43EE53EF-4C8C-4EDA-A8F5-8A55E54B7B2D}.Release|Any CPU.Build.0 = Release|Any CPU
	EndGlobalSection
	GlobalSection(SolutionProperties) = preSolution
		HideSolutionNode = FALSE
	EndGlobalSection
	GlobalSection(ExtensibilityGlobals) = postSolution
		SolutionGuid = {48F885C1-C90C-4FA3-AEAD-6AA387804A63}
	EndGlobalSection
EndGlobal
