
Microsoft Visual Studio Solution File, Format Version 12.00
# Visual Studio 15
VisualStudioVersion = 15.0.27004.2002
MinimumVisualStudioVersion = 10.0.40219.1
Project("{FAE04EC0-301F-11D3-BF4B-00C04F79EFBC}") = "p08_MentorGroup", "p08_MentorGroup\p08_MentorGroup.csproj", "{FD45F72F-A7F5-4424-AE51-36E2BB5CEF78}"
EndProject
Global
	GlobalSection(SolutionConfigurationPlatforms) = preSolution
		Debug|Any CPU = Debug|Any CPU
		Release|Any CPU = Release|Any CPU
	EndGlobalSection
	GlobalSection(ProjectConfigurationPlatforms) = postSolution
		{FD45F72F-A7F5-4424-AE51-36E2BB5CEF78}.Debug|Any CPU.ActiveCfg = Debug|Any CPU
		{FD45F72F-A7F5-4424-AE51-36E2BB5CEF78}.Debug|Any CPU.Build.0 = Debug|Any CPU
		{FD45F72F-A7F5-4424-AE51-36E2BB5CEF78}.Release|Any CPU.ActiveCfg = Release|Any CPU
		{FD45F72F-A7F5-4424-AE51-36E2BB5CEF78}.Release|Any CPU.Build.0 = Release|Any CPU
	EndGlobalSection
	GlobalSection(SolutionProperties) = preSolution
		HideSolutionNode = FALSE
	EndGlobalSection
	GlobalSection(ExtensibilityGlobals) = postSolution
		SolutionGuid = {BF1BE466-D4E8-460E-8FA5-CB57C257834D}
	EndGlobalSection
EndGlobal
