
Microsoft Visual Studio Solution File, Format Version 12.00
# Visual Studio 15
VisualStudioVersion = 15.0.27004.2002
MinimumVisualStudioVersion = 10.0.40219.1
Project("{FAE04EC0-301F-11D3-BF4B-00C04F79EFBC}") = "p01_SinoTheWalker", "p01_SinoTheWalker\p01_SinoTheWalker.csproj", "{670F3570-EDAA-434E-AE16-B39DA509D754}"
EndProject
Global
	GlobalSection(SolutionConfigurationPlatforms) = preSolution
		Debug|Any CPU = Debug|Any CPU
		Release|Any CPU = Release|Any CPU
	EndGlobalSection
	GlobalSection(ProjectConfigurationPlatforms) = postSolution
		{670F3570-EDAA-434E-AE16-B39DA509D754}.Debug|Any CPU.ActiveCfg = Debug|Any CPU
		{670F3570-EDAA-434E-AE16-B39DA509D754}.Debug|Any CPU.Build.0 = Debug|Any CPU
		{670F3570-EDAA-434E-AE16-B39DA509D754}.Release|Any CPU.ActiveCfg = Release|Any CPU
		{670F3570-EDAA-434E-AE16-B39DA509D754}.Release|Any CPU.Build.0 = Release|Any CPU
	EndGlobalSection
	GlobalSection(SolutionProperties) = preSolution
		HideSolutionNode = FALSE
	EndGlobalSection
	GlobalSection(ExtensibilityGlobals) = postSolution
		SolutionGuid = {7FACA89B-A7E1-4B76-B9EC-EB7C1059A59D}
	EndGlobalSection
EndGlobal
