
Microsoft Visual Studio Solution File, Format Version 12.00
# Visual Studio 15
VisualStudioVersion = 15.0.27004.2005
MinimumVisualStudioVersion = 10.0.40219.1
Project("{FAE04EC0-301F-11D3-BF4B-00C04F79EFBC}") = "p01_CharityMarathon", "p01_CharityMarathon\p01_CharityMarathon.csproj", "{75119D59-4E6E-48E2-9322-BA9D15447262}"
EndProject
Global
	GlobalSection(SolutionConfigurationPlatforms) = preSolution
		Debug|Any CPU = Debug|Any CPU
		Release|Any CPU = Release|Any CPU
	EndGlobalSection
	GlobalSection(ProjectConfigurationPlatforms) = postSolution
		{75119D59-4E6E-48E2-9322-BA9D15447262}.Debug|Any CPU.ActiveCfg = Debug|Any CPU
		{75119D59-4E6E-48E2-9322-BA9D15447262}.Debug|Any CPU.Build.0 = Debug|Any CPU
		{75119D59-4E6E-48E2-9322-BA9D15447262}.Release|Any CPU.ActiveCfg = Release|Any CPU
		{75119D59-4E6E-48E2-9322-BA9D15447262}.Release|Any CPU.Build.0 = Release|Any CPU
	EndGlobalSection
	GlobalSection(SolutionProperties) = preSolution
		HideSolutionNode = FALSE
	EndGlobalSection
	GlobalSection(ExtensibilityGlobals) = postSolution
		SolutionGuid = {297BD4E2-9843-4F6B-A6AD-0D0F23523D65}
	EndGlobalSection
EndGlobal
