
Microsoft Visual Studio Solution File, Format Version 12.00
# Visual Studio 15
VisualStudioVersion = 15.0.27004.2005
MinimumVisualStudioVersion = 10.0.40219.1
Project("{FAE04EC0-301F-11D3-BF4B-00C04F79EFBC}") = "p07_MultiplyBigNumbers", "p07_MultiplyBigNumbers\p07_MultiplyBigNumbers.csproj", "{0981543F-9B5A-48C5-926E-0D01AEFBAF2F}"
EndProject
Global
	GlobalSection(SolutionConfigurationPlatforms) = preSolution
		Debug|Any CPU = Debug|Any CPU
		Release|Any CPU = Release|Any CPU
	EndGlobalSection
	GlobalSection(ProjectConfigurationPlatforms) = postSolution
		{0981543F-9B5A-48C5-926E-0D01AEFBAF2F}.Debug|Any CPU.ActiveCfg = Debug|Any CPU
		{0981543F-9B5A-48C5-926E-0D01AEFBAF2F}.Debug|Any CPU.Build.0 = Debug|Any CPU
		{0981543F-9B5A-48C5-926E-0D01AEFBAF2F}.Release|Any CPU.ActiveCfg = Release|Any CPU
		{0981543F-9B5A-48C5-926E-0D01AEFBAF2F}.Release|Any CPU.Build.0 = Release|Any CPU
	EndGlobalSection
	GlobalSection(SolutionProperties) = preSolution
		HideSolutionNode = FALSE
	EndGlobalSection
	GlobalSection(ExtensibilityGlobals) = postSolution
		SolutionGuid = {B1DCEAA3-0591-48BF-B25F-D01F80742F09}
	EndGlobalSection
EndGlobal
