
Microsoft Visual Studio Solution File, Format Version 12.00
# Visual Studio 15
VisualStudioVersion = 15.0.27004.2005
MinimumVisualStudioVersion = 10.0.40219.1
Project("{FAE04EC0-301F-11D3-BF4B-00C04F79EFBC}") = "p03_Regexmon", "p03_Regexmon\p03_Regexmon.csproj", "{078B2909-48E4-4459-B13C-58593C1A9A79}"
EndProject
Global
	GlobalSection(SolutionConfigurationPlatforms) = preSolution
		Debug|Any CPU = Debug|Any CPU
		Release|Any CPU = Release|Any CPU
	EndGlobalSection
	GlobalSection(ProjectConfigurationPlatforms) = postSolution
		{078B2909-48E4-4459-B13C-58593C1A9A79}.Debug|Any CPU.ActiveCfg = Debug|Any CPU
		{078B2909-48E4-4459-B13C-58593C1A9A79}.Debug|Any CPU.Build.0 = Debug|Any CPU
		{078B2909-48E4-4459-B13C-58593C1A9A79}.Release|Any CPU.ActiveCfg = Release|Any CPU
		{078B2909-48E4-4459-B13C-58593C1A9A79}.Release|Any CPU.Build.0 = Release|Any CPU
	EndGlobalSection
	GlobalSection(SolutionProperties) = preSolution
		HideSolutionNode = FALSE
	EndGlobalSection
	GlobalSection(ExtensibilityGlobals) = postSolution
		SolutionGuid = {92C829D6-0D4E-4FC7-BA67-C03164E6A9CB}
	EndGlobalSection
EndGlobal
