
Microsoft Visual Studio Solution File, Format Version 12.00
# Visual Studio 15
VisualStudioVersion = 15.0.26730.16
MinimumVisualStudioVersion = 10.0.40219.1
Project("{FAE04EC0-301F-11D3-BF4B-00C04F79EFBC}") = "p03_FoldAndSum", "p03_FoldAndSum\p03_FoldAndSum.csproj", "{0EACBD53-F61E-4DAF-A482-B36199157A19}"
EndProject
Global
	GlobalSection(SolutionConfigurationPlatforms) = preSolution
		Debug|Any CPU = Debug|Any CPU
		Release|Any CPU = Release|Any CPU
	EndGlobalSection
	GlobalSection(ProjectConfigurationPlatforms) = postSolution
		{0EACBD53-F61E-4DAF-A482-B36199157A19}.Debug|Any CPU.ActiveCfg = Debug|Any CPU
		{0EACBD53-F61E-4DAF-A482-B36199157A19}.Debug|Any CPU.Build.0 = Debug|Any CPU
		{0EACBD53-F61E-4DAF-A482-B36199157A19}.Release|Any CPU.ActiveCfg = Release|Any CPU
		{0EACBD53-F61E-4DAF-A482-B36199157A19}.Release|Any CPU.Build.0 = Release|Any CPU
	EndGlobalSection
	GlobalSection(SolutionProperties) = preSolution
		HideSolutionNode = FALSE
	EndGlobalSection
	GlobalSection(ExtensibilityGlobals) = postSolution
		SolutionGuid = {02D74834-C316-423D-AC58-19B1FB111E34}
	EndGlobalSection
EndGlobal
