
Microsoft Visual Studio Solution File, Format Version 12.00
# Visual Studio 15
VisualStudioVersion = 15.0.27004.2005
MinimumVisualStudioVersion = 10.0.40219.1
Project("{FAE04EC0-301F-11D3-BF4B-00C04F79EFBC}") = "p06_FixEmails", "p06_FixEmails\p06_FixEmails.csproj", "{13C9FCC5-196A-48BA-AE32-1249B0F570EF}"
EndProject
Global
	GlobalSection(SolutionConfigurationPlatforms) = preSolution
		Debug|Any CPU = Debug|Any CPU
		Release|Any CPU = Release|Any CPU
	EndGlobalSection
	GlobalSection(ProjectConfigurationPlatforms) = postSolution
		{13C9FCC5-196A-48BA-AE32-1249B0F570EF}.Debug|Any CPU.ActiveCfg = Debug|Any CPU
		{13C9FCC5-196A-48BA-AE32-1249B0F570EF}.Debug|Any CPU.Build.0 = Debug|Any CPU
		{13C9FCC5-196A-48BA-AE32-1249B0F570EF}.Release|Any CPU.ActiveCfg = Release|Any CPU
		{13C9FCC5-196A-48BA-AE32-1249B0F570EF}.Release|Any CPU.Build.0 = Release|Any CPU
	EndGlobalSection
	GlobalSection(SolutionProperties) = preSolution
		HideSolutionNode = FALSE
	EndGlobalSection
	GlobalSection(ExtensibilityGlobals) = postSolution
		SolutionGuid = {776B9E02-4C6E-445F-9328-B5C2AEF8BECB}
	EndGlobalSection
EndGlobal
