
Microsoft Visual Studio Solution File, Format Version 12.00
# Visual Studio 15
VisualStudioVersion = 15.0.27004.2005
MinimumVisualStudioVersion = 10.0.40219.1
Project("{FAE04EC0-301F-11D3-BF4B-00C04F79EFBC}") = "p03_UnicodeCharacters", "p03_UnicodeCharacters\p03_UnicodeCharacters.csproj", "{23DD3738-6733-4137-87AD-08531286A90F}"
EndProject
Global
	GlobalSection(SolutionConfigurationPlatforms) = preSolution
		Debug|Any CPU = Debug|Any CPU
		Release|Any CPU = Release|Any CPU
	EndGlobalSection
	GlobalSection(ProjectConfigurationPlatforms) = postSolution
		{23DD3738-6733-4137-87AD-08531286A90F}.Debug|Any CPU.ActiveCfg = Debug|Any CPU
		{23DD3738-6733-4137-87AD-08531286A90F}.Debug|Any CPU.Build.0 = Debug|Any CPU
		{23DD3738-6733-4137-87AD-08531286A90F}.Release|Any CPU.ActiveCfg = Release|Any CPU
		{23DD3738-6733-4137-87AD-08531286A90F}.Release|Any CPU.Build.0 = Release|Any CPU
	EndGlobalSection
	GlobalSection(SolutionProperties) = preSolution
		HideSolutionNode = FALSE
	EndGlobalSection
	GlobalSection(ExtensibilityGlobals) = postSolution
		SolutionGuid = {AD2A86ED-74DA-4694-9E37-0B9465110433}
	EndGlobalSection
EndGlobal
