
Microsoft Visual Studio Solution File, Format Version 12.00
# Visual Studio 15
VisualStudioVersion = 15.0.27004.2006
MinimumVisualStudioVersion = 10.0.40219.1
Project("{FAE04EC0-301F-11D3-BF4B-00C04F79EFBC}") = "p04_NSA", "p04_NSA\p04_NSA.csproj", "{6917D14A-0711-4893-B7D1-0822CD182316}"
EndProject
Global
	GlobalSection(SolutionConfigurationPlatforms) = preSolution
		Debug|Any CPU = Debug|Any CPU
		Release|Any CPU = Release|Any CPU
	EndGlobalSection
	GlobalSection(ProjectConfigurationPlatforms) = postSolution
		{6917D14A-0711-4893-B7D1-0822CD182316}.Debug|Any CPU.ActiveCfg = Debug|Any CPU
		{6917D14A-0711-4893-B7D1-0822CD182316}.Debug|Any CPU.Build.0 = Debug|Any CPU
		{6917D14A-0711-4893-B7D1-0822CD182316}.Release|Any CPU.ActiveCfg = Release|Any CPU
		{6917D14A-0711-4893-B7D1-0822CD182316}.Release|Any CPU.Build.0 = Release|Any CPU
	EndGlobalSection
	GlobalSection(SolutionProperties) = preSolution
		HideSolutionNode = FALSE
	EndGlobalSection
	GlobalSection(ExtensibilityGlobals) = postSolution
		SolutionGuid = {FEC3D7CB-13E7-43A6-B716-39D573F848C3}
	EndGlobalSection
EndGlobal
