
Microsoft Visual Studio Solution File, Format Version 12.00
# Visual Studio 15
VisualStudioVersion = 15.0.27004.2005
MinimumVisualStudioVersion = 10.0.40219.1
Project("{FAE04EC0-301F-11D3-BF4B-00C04F79EFBC}") = "p04_MatchDates", "p04_MatchDates\p04_MatchDates.csproj", "{7FB94482-09C4-407D-8869-C55E3AAB84B6}"
EndProject
Global
	GlobalSection(SolutionConfigurationPlatforms) = preSolution
		Debug|Any CPU = Debug|Any CPU
		Release|Any CPU = Release|Any CPU
	EndGlobalSection
	GlobalSection(ProjectConfigurationPlatforms) = postSolution
		{7FB94482-09C4-407D-8869-C55E3AAB84B6}.Debug|Any CPU.ActiveCfg = Debug|Any CPU
		{7FB94482-09C4-407D-8869-C55E3AAB84B6}.Debug|Any CPU.Build.0 = Debug|Any CPU
		{7FB94482-09C4-407D-8869-C55E3AAB84B6}.Release|Any CPU.ActiveCfg = Release|Any CPU
		{7FB94482-09C4-407D-8869-C55E3AAB84B6}.Release|Any CPU.Build.0 = Release|Any CPU
	EndGlobalSection
	GlobalSection(SolutionProperties) = preSolution
		HideSolutionNode = FALSE
	EndGlobalSection
	GlobalSection(ExtensibilityGlobals) = postSolution
		SolutionGuid = {73F357D6-43BD-4E2B-8D5E-6F2F004111C8}
	EndGlobalSection
EndGlobal
