
Microsoft Visual Studio Solution File, Format Version 12.00
# Visual Studio 15
VisualStudioVersion = 15.0.26730.16
MinimumVisualStudioVersion = 10.0.40219.1
Project("{FAE04EC0-301F-11D3-BF4B-00C04F79EFBC}") = "p09_ ExtractMiddleElements", "p09_ ExtractMiddleElements\p09_ ExtractMiddleElements.csproj", "{859672DA-9DC2-43A2-A99A-CE7EE602E7CF}"
EndProject
Global
	GlobalSection(SolutionConfigurationPlatforms) = preSolution
		Debug|Any CPU = Debug|Any CPU
		Release|Any CPU = Release|Any CPU
	EndGlobalSection
	GlobalSection(ProjectConfigurationPlatforms) = postSolution
		{859672DA-9DC2-43A2-A99A-CE7EE602E7CF}.Debug|Any CPU.ActiveCfg = Debug|Any CPU
		{859672DA-9DC2-43A2-A99A-CE7EE602E7CF}.Debug|Any CPU.Build.0 = Debug|Any CPU
		{859672DA-9DC2-43A2-A99A-CE7EE602E7CF}.Release|Any CPU.ActiveCfg = Release|Any CPU
		{859672DA-9DC2-43A2-A99A-CE7EE602E7CF}.Release|Any CPU.Build.0 = Release|Any CPU
	EndGlobalSection
	GlobalSection(SolutionProperties) = preSolution
		HideSolutionNode = FALSE
	EndGlobalSection
	GlobalSection(ExtensibilityGlobals) = postSolution
		SolutionGuid = {50891BD9-EBB8-449A-906B-D8916E41376B}
	EndGlobalSection
EndGlobal
