
Microsoft Visual Studio Solution File, Format Version 12.00
# Visual Studio 15
VisualStudioVersion = 15.0.26730.16
MinimumVisualStudioVersion = 10.0.40219.1
Project("{FAE04EC0-301F-11D3-BF4B-00C04F79EFBC}") = "p03_LastKNumber", "p03_LastKNumber\p03_LastKNumber.csproj", "{8ED0355C-9AE6-46CB-A266-340219C59E96}"
EndProject
Global
	GlobalSection(SolutionConfigurationPlatforms) = preSolution
		Debug|Any CPU = Debug|Any CPU
		Release|Any CPU = Release|Any CPU
	EndGlobalSection
	GlobalSection(ProjectConfigurationPlatforms) = postSolution
		{8ED0355C-9AE6-46CB-A266-340219C59E96}.Debug|Any CPU.ActiveCfg = Debug|Any CPU
		{8ED0355C-9AE6-46CB-A266-340219C59E96}.Debug|Any CPU.Build.0 = Debug|Any CPU
		{8ED0355C-9AE6-46CB-A266-340219C59E96}.Release|Any CPU.ActiveCfg = Release|Any CPU
		{8ED0355C-9AE6-46CB-A266-340219C59E96}.Release|Any CPU.Build.0 = Release|Any CPU
	EndGlobalSection
	GlobalSection(SolutionProperties) = preSolution
		HideSolutionNode = FALSE
	EndGlobalSection
	GlobalSection(ExtensibilityGlobals) = postSolution
		SolutionGuid = {936B9074-82D8-4A7D-B785-DA23EE4B0AB5}
	EndGlobalSection
EndGlobal
