
Microsoft Visual Studio Solution File, Format Version 12.00
# Visual Studio 15
VisualStudioVersion = 15.0.27004.2005
MinimumVisualStudioVersion = 10.0.40219.1
Project("{FAE04EC0-301F-11D3-BF4B-00C04F79EFBC}") = "p05_KeyReplacer", "p05_KeyReplacer\p05_KeyReplacer.csproj", "{71AC35CC-C550-4405-8348-C9B0CE9BC358}"
EndProject
Global
	GlobalSection(SolutionConfigurationPlatforms) = preSolution
		Debug|Any CPU = Debug|Any CPU
		Release|Any CPU = Release|Any CPU
	EndGlobalSection
	GlobalSection(ProjectConfigurationPlatforms) = postSolution
		{71AC35CC-C550-4405-8348-C9B0CE9BC358}.Debug|Any CPU.ActiveCfg = Debug|Any CPU
		{71AC35CC-C550-4405-8348-C9B0CE9BC358}.Debug|Any CPU.Build.0 = Debug|Any CPU
		{71AC35CC-C550-4405-8348-C9B0CE9BC358}.Release|Any CPU.ActiveCfg = Release|Any CPU
		{71AC35CC-C550-4405-8348-C9B0CE9BC358}.Release|Any CPU.Build.0 = Release|Any CPU
	EndGlobalSection
	GlobalSection(SolutionProperties) = preSolution
		HideSolutionNode = FALSE
	EndGlobalSection
	GlobalSection(ExtensibilityGlobals) = postSolution
		SolutionGuid = {A00C8A84-101C-4FA6-8FED-9E79C8E531EC}
	EndGlobalSection
EndGlobal
