
Microsoft Visual Studio Solution File, Format Version 12.00
# Visual Studio 15
VisualStudioVersion = 15.0.27004.2005
MinimumVisualStudioVersion = 10.0.40219.1
Project("{FAE04EC0-301F-11D3-BF4B-00C04F79EFBC}") = "p01_PokeMon", "p01_PokeMon\p01_PokeMon.csproj", "{8F843C7B-3B37-4061-81F7-FA82808B13EC}"
EndProject
Global
	GlobalSection(SolutionConfigurationPlatforms) = preSolution
		Debug|Any CPU = Debug|Any CPU
		Release|Any CPU = Release|Any CPU
	EndGlobalSection
	GlobalSection(ProjectConfigurationPlatforms) = postSolution
		{8F843C7B-3B37-4061-81F7-FA82808B13EC}.Debug|Any CPU.ActiveCfg = Debug|Any CPU
		{8F843C7B-3B37-4061-81F7-FA82808B13EC}.Debug|Any CPU.Build.0 = Debug|Any CPU
		{8F843C7B-3B37-4061-81F7-FA82808B13EC}.Release|Any CPU.ActiveCfg = Release|Any CPU
		{8F843C7B-3B37-4061-81F7-FA82808B13EC}.Release|Any CPU.Build.0 = Release|Any CPU
	EndGlobalSection
	GlobalSection(SolutionProperties) = preSolution
		HideSolutionNode = FALSE
	EndGlobalSection
	GlobalSection(ExtensibilityGlobals) = postSolution
		SolutionGuid = {982222D6-0DB3-430E-9A29-CE828014E5EB}
	EndGlobalSection
EndGlobal
