
Microsoft Visual Studio Solution File, Format Version 12.00
# Visual Studio 15
VisualStudioVersion = 15.0.26730.16
MinimumVisualStudioVersion = 10.0.40219.1
Project("{FAE04EC0-301F-11D3-BF4B-00C04F79EFBC}") = "problem18_BePositive", "problem18_BePositive\problem18_BePositive.csproj", "{36D93955-C61D-42E4-9460-2DA6C3003B21}"
EndProject
Global
	GlobalSection(SolutionConfigurationPlatforms) = preSolution
		Debug|Any CPU = Debug|Any CPU
		Release|Any CPU = Release|Any CPU
	EndGlobalSection
	GlobalSection(ProjectConfigurationPlatforms) = postSolution
		{36D93955-C61D-42E4-9460-2DA6C3003B21}.Debug|Any CPU.ActiveCfg = Debug|Any CPU
		{36D93955-C61D-42E4-9460-2DA6C3003B21}.Debug|Any CPU.Build.0 = Debug|Any CPU
		{36D93955-C61D-42E4-9460-2DA6C3003B21}.Release|Any CPU.ActiveCfg = Release|Any CPU
		{36D93955-C61D-42E4-9460-2DA6C3003B21}.Release|Any CPU.Build.0 = Release|Any CPU
	EndGlobalSection
	GlobalSection(SolutionProperties) = preSolution
		HideSolutionNode = FALSE
	EndGlobalSection
	GlobalSection(ExtensibilityGlobals) = postSolution
		SolutionGuid = {6E39A4B2-F680-45F5-8CC4-6B874F65AE7F}
	EndGlobalSection
EndGlobal
