
Microsoft Visual Studio Solution File, Format Version 12.00
# Visual Studio 15
VisualStudioVersion = 15.0.27004.2002
MinimumVisualStudioVersion = 10.0.40219.1
Project("{FAE04EC0-301F-11D3-BF4B-00C04F79EFBC}") = "p07_CountNumbers", "p07_CountNumbers\p07_CountNumbers.csproj", "{0B65A83C-FE30-4232-B1E0-A34A8DAD664C}"
EndProject
Global
	GlobalSection(SolutionConfigurationPlatforms) = preSolution
		Debug|Any CPU = Debug|Any CPU
		Release|Any CPU = Release|Any CPU
	EndGlobalSection
	GlobalSection(ProjectConfigurationPlatforms) = postSolution
		{0B65A83C-FE30-4232-B1E0-A34A8DAD664C}.Debug|Any CPU.ActiveCfg = Debug|Any CPU
		{0B65A83C-FE30-4232-B1E0-A34A8DAD664C}.Debug|Any CPU.Build.0 = Debug|Any CPU
		{0B65A83C-FE30-4232-B1E0-A34A8DAD664C}.Release|Any CPU.ActiveCfg = Release|Any CPU
		{0B65A83C-FE30-4232-B1E0-A34A8DAD664C}.Release|Any CPU.Build.0 = Release|Any CPU
	EndGlobalSection
	GlobalSection(SolutionProperties) = preSolution
		HideSolutionNode = FALSE
	EndGlobalSection
	GlobalSection(ExtensibilityGlobals) = postSolution
		SolutionGuid = {ECBA188B-5320-4C4E-8115-AA19AA7C5678}
	EndGlobalSection
EndGlobal
