
Microsoft Visual Studio Solution File, Format Version 12.00
# Visual Studio 15
VisualStudioVersion = 15.0.27004.2005
MinimumVisualStudioVersion = 10.0.40219.1
Project("{FAE04EC0-301F-11D3-BF4B-00C04F79EFBC}") = "p04_CubicMessages", "p04_CubicMessages\p04_CubicMessages.csproj", "{7625CCEB-3C0C-419A-BAAC-474DD8A6A7F7}"
EndProject
Global
	GlobalSection(SolutionConfigurationPlatforms) = preSolution
		Debug|Any CPU = Debug|Any CPU
		Release|Any CPU = Release|Any CPU
	EndGlobalSection
	GlobalSection(ProjectConfigurationPlatforms) = postSolution
		{7625CCEB-3C0C-419A-BAAC-474DD8A6A7F7}.Debug|Any CPU.ActiveCfg = Debug|Any CPU
		{7625CCEB-3C0C-419A-BAAC-474DD8A6A7F7}.Debug|Any CPU.Build.0 = Debug|Any CPU
		{7625CCEB-3C0C-419A-BAAC-474DD8A6A7F7}.Release|Any CPU.ActiveCfg = Release|Any CPU
		{7625CCEB-3C0C-419A-BAAC-474DD8A6A7F7}.Release|Any CPU.Build.0 = Release|Any CPU
	EndGlobalSection
	GlobalSection(SolutionProperties) = preSolution
		HideSolutionNode = FALSE
	EndGlobalSection
	GlobalSection(ExtensibilityGlobals) = postSolution
		SolutionGuid = {6B616193-2EAA-448D-A3D5-7B554CF679A0}
	EndGlobalSection
EndGlobal
