
Microsoft Visual Studio Solution File, Format Version 12.00
# Visual Studio 15
VisualStudioVersion = 15.0.27004.2005
MinimumVisualStudioVersion = 10.0.40219.1
Project("{FAE04EC0-301F-11D3-BF4B-00C04F79EFBC}") = "p02_ExtractSentencesByKeyword", "p02_ExtractSentencesByKeyword\p02_ExtractSentencesByKeyword.csproj", "{32A81754-5AE0-4187-8F9D-422E2FFFC557}"
EndProject
Global
	GlobalSection(SolutionConfigurationPlatforms) = preSolution
		Debug|Any CPU = Debug|Any CPU
		Release|Any CPU = Release|Any CPU
	EndGlobalSection
	GlobalSection(ProjectConfigurationPlatforms) = postSolution
		{32A81754-5AE0-4187-8F9D-422E2FFFC557}.Debug|Any CPU.ActiveCfg = Debug|Any CPU
		{32A81754-5AE0-4187-8F9D-422E2FFFC557}.Debug|Any CPU.Build.0 = Debug|Any CPU
		{32A81754-5AE0-4187-8F9D-422E2FFFC557}.Release|Any CPU.ActiveCfg = Release|Any CPU
		{32A81754-5AE0-4187-8F9D-422E2FFFC557}.Release|Any CPU.Build.0 = Release|Any CPU
	EndGlobalSection
	GlobalSection(SolutionProperties) = preSolution
		HideSolutionNode = FALSE
	EndGlobalSection
	GlobalSection(ExtensibilityGlobals) = postSolution
		SolutionGuid = {CCD83828-BA69-44C5-B107-A055DEFFACC4}
	EndGlobalSection
EndGlobal
