
Microsoft Visual Studio Solution File, Format Version 12.00
# Visual Studio 15
VisualStudioVersion = 15.0.26730.16
MinimumVisualStudioVersion = 10.0.40219.1
Project("{FAE04EC0-301F-11D3-BF4B-00C04F79EFBC}") = "p06_MaxSequenceEqualElements", "p06_MaxSequenceEqualElements\p06_MaxSequenceEqualElements.csproj", "{2D78B47D-5D20-4333-9627-55C2C4C5BC13}"
EndProject
Global
	GlobalSection(SolutionConfigurationPlatforms) = preSolution
		Debug|Any CPU = Debug|Any CPU
		Release|Any CPU = Release|Any CPU
	EndGlobalSection
	GlobalSection(ProjectConfigurationPlatforms) = postSolution
		{2D78B47D-5D20-4333-9627-55C2C4C5BC13}.Debug|Any CPU.ActiveCfg = Debug|Any CPU
		{2D78B47D-5D20-4333-9627-55C2C4C5BC13}.Debug|Any CPU.Build.0 = Debug|Any CPU
		{2D78B47D-5D20-4333-9627-55C2C4C5BC13}.Release|Any CPU.ActiveCfg = Release|Any CPU
		{2D78B47D-5D20-4333-9627-55C2C4C5BC13}.Release|Any CPU.Build.0 = Release|Any CPU
	EndGlobalSection
	GlobalSection(SolutionProperties) = preSolution
		HideSolutionNode = FALSE
	EndGlobalSection
	GlobalSection(ExtensibilityGlobals) = postSolution
		SolutionGuid = {0D7ACA75-1F9D-4F03-986D-EDEE66BF551D}
	EndGlobalSection
EndGlobal
