
Microsoft Visual Studio Solution File, Format Version 12.00
# Visual Studio 15
VisualStudioVersion = 15.0.26730.16
MinimumVisualStudioVersion = 10.0.40219.1
Project("{FAE04EC0-301F-11D3-BF4B-00C04F79EFBC}") = "Problem18", "ConsoleApp2\Problem18.csproj", "{2C51B856-D3A1-4E66-AE0F-63A6098A6C6A}"
EndProject
Global
	GlobalSection(SolutionConfigurationPlatforms) = preSolution
		Debug|Any CPU = Debug|Any CPU
		Release|Any CPU = Release|Any CPU
	EndGlobalSection
	GlobalSection(ProjectConfigurationPlatforms) = postSolution
		{2C51B856-D3A1-4E66-AE0F-63A6098A6C6A}.Debug|Any CPU.ActiveCfg = Debug|Any CPU
		{2C51B856-D3A1-4E66-AE0F-63A6098A6C6A}.Debug|Any CPU.Build.0 = Debug|Any CPU
		{2C51B856-D3A1-4E66-AE0F-63A6098A6C6A}.Release|Any CPU.ActiveCfg = Release|Any CPU
		{2C51B856-D3A1-4E66-AE0F-63A6098A6C6A}.Release|Any CPU.Build.0 = Release|Any CPU
	EndGlobalSection
	GlobalSection(SolutionProperties) = preSolution
		HideSolutionNode = FALSE
	EndGlobalSection
	GlobalSection(ExtensibilityGlobals) = postSolution
		SolutionGuid = {B48229EF-1529-4881-898F-08777518D275}
	EndGlobalSection
EndGlobal
