
Microsoft Visual Studio Solution File, Format Version 12.00
# Visual Studio 15
VisualStudioVersion = 15.0.27004.2005
MinimumVisualStudioVersion = 10.0.40219.1
Project("{FAE04EC0-301F-11D3-BF4B-00C04F79EFBC}") = "p09_BookLibrary", "p09_BookLibrary\p09_BookLibrary.csproj", "{7005707D-6EC2-4DD2-AD2D-9EEAAB130367}"
EndProject
Global
	GlobalSection(SolutionConfigurationPlatforms) = preSolution
		Debug|Any CPU = Debug|Any CPU
		Release|Any CPU = Release|Any CPU
	EndGlobalSection
	GlobalSection(ProjectConfigurationPlatforms) = postSolution
		{7005707D-6EC2-4DD2-AD2D-9EEAAB130367}.Debug|Any CPU.ActiveCfg = Debug|Any CPU
		{7005707D-6EC2-4DD2-AD2D-9EEAAB130367}.Debug|Any CPU.Build.0 = Debug|Any CPU
		{7005707D-6EC2-4DD2-AD2D-9EEAAB130367}.Release|Any CPU.ActiveCfg = Release|Any CPU
		{7005707D-6EC2-4DD2-AD2D-9EEAAB130367}.Release|Any CPU.Build.0 = Release|Any CPU
	EndGlobalSection
	GlobalSection(SolutionProperties) = preSolution
		HideSolutionNode = FALSE
	EndGlobalSection
	GlobalSection(ExtensibilityGlobals) = postSolution
		SolutionGuid = {05E84C51-F538-4A89-B36A-70C72005063B}
	EndGlobalSection
EndGlobal
