
Microsoft Visual Studio Solution File, Format Version 12.00
# Visual Studio 15
VisualStudioVersion = 15.0.27004.2005
MinimumVisualStudioVersion = 10.0.40219.1
Project("{FAE04EC0-301F-11D3-BF4B-00C04F79EFBC}") = "p02_IndexOfLetters", "p02_IndexOfLetters\p02_IndexOfLetters.csproj", "{252B8F8D-DB2E-4B5D-88FA-33D826C8ABAC}"
EndProject
Global
	GlobalSection(SolutionConfigurationPlatforms) = preSolution
		Debug|Any CPU = Debug|Any CPU
		Release|Any CPU = Release|Any CPU
	EndGlobalSection
	GlobalSection(ProjectConfigurationPlatforms) = postSolution
		{252B8F8D-DB2E-4B5D-88FA-33D826C8ABAC}.Debug|Any CPU.ActiveCfg = Debug|Any CPU
		{252B8F8D-DB2E-4B5D-88FA-33D826C8ABAC}.Debug|Any CPU.Build.0 = Debug|Any CPU
		{252B8F8D-DB2E-4B5D-88FA-33D826C8ABAC}.Release|Any CPU.ActiveCfg = Release|Any CPU
		{252B8F8D-DB2E-4B5D-88FA-33D826C8ABAC}.Release|Any CPU.Build.0 = Release|Any CPU
	EndGlobalSection
	GlobalSection(SolutionProperties) = preSolution
		HideSolutionNode = FALSE
	EndGlobalSection
	GlobalSection(ExtensibilityGlobals) = postSolution
		SolutionGuid = {7FADEA10-3B6E-4F40-AD28-3CBC93A40B89}
	EndGlobalSection
EndGlobal
