
Microsoft Visual Studio Solution File, Format Version 12.00
# Visual Studio 15
VisualStudioVersion = 15.0.27004.2002
MinimumVisualStudioVersion = 10.0.40219.1
Project("{FAE04EC0-301F-11D3-BF4B-00C04F79EFBC}") = "p03_BigFactorial", "p03_BigFactorial\p03_BigFactorial.csproj", "{F9A8F3B3-8AEC-4C25-BF8B-BD2CE129C3CF}"
EndProject
Global
	GlobalSection(SolutionConfigurationPlatforms) = preSolution
		Debug|Any CPU = Debug|Any CPU
		Release|Any CPU = Release|Any CPU
	EndGlobalSection
	GlobalSection(ProjectConfigurationPlatforms) = postSolution
		{F9A8F3B3-8AEC-4C25-BF8B-BD2CE129C3CF}.Debug|Any CPU.ActiveCfg = Debug|Any CPU
		{F9A8F3B3-8AEC-4C25-BF8B-BD2CE129C3CF}.Debug|Any CPU.Build.0 = Debug|Any CPU
		{F9A8F3B3-8AEC-4C25-BF8B-BD2CE129C3CF}.Release|Any CPU.ActiveCfg = Release|Any CPU
		{F9A8F3B3-8AEC-4C25-BF8B-BD2CE129C3CF}.Release|Any CPU.Build.0 = Release|Any CPU
	EndGlobalSection
	GlobalSection(SolutionProperties) = preSolution
		HideSolutionNode = FALSE
	EndGlobalSection
	GlobalSection(ExtensibilityGlobals) = postSolution
		SolutionGuid = {41CC4ECA-8146-408D-BE77-5F15F9C5EF4B}
	EndGlobalSection
EndGlobal
